{
  "version": 1,
  "dependencies": {
    "net9.0-windows7.0": {
      "Meziantou.Analyzer": {
        "type": "Direct",
        "requested": "[3.0.122, )",
        "resolved": "3.0.122",
        "contentHash": "bmo+TIK9fLG/NzlZ2Qi5lto2jG/N6/zmc7gDVp5uzvVmnDKMV5SmUR7jToSbx/oqTPMV3ajyCmo2kFBdPDlU0A=="
      },
      "Microsoft.CodeAnalysis.BannedApiAnalyzers": {
        "type": "Direct",
        "requested": "[3.3.4, )",
        "resolved": "3.3.4",
        "contentHash": "0k2Jwpc8eq0hjOtX6TxRkHm9clkJ2PAQ3heEHgqIJZcsfdFosC/iyz18nsgTVDDWpID80rC7aiYK7ripx+Qndg=="
      }
    }
  }
}