{
  "version": 1,
  "dependencies": {
    "net9.0": {
      "Meziantou.Analyzer": {
        "type": "Direct",
        "requested": "[3.0.122, )",
        "resolved": "3.0.122",
        "contentHash": "bmo+TIK9fLG/NzlZ2Qi5lto2jG/N6/zmc7gDVp5uzvVmnDKMV5SmUR7jToSbx/oqTPMV3ajyCmo2kFBdPDlU0A=="
      },
      "System.Text.Json": {
        "type": "Transitive",
        "resolved": "9.0.3",
        "contentHash": "r2JRkLjsYrq5Dpo7+y3Wa73OfirZPdVhxiTJWwZ+oJM7FOAe0LkM3GlH+pgkNRdd1G1kwUbmRCdmh4uoaWwu1g=="
      },
      "questionable.model": {
        "type": "Project",
        "dependencies": {
          "System.Text.Json": "[9.0.3, )"
        }
      }
    }
  }
}