{
  "version": 1,
  "dependencies": {
    "net9.0-windows7.0": {
      "DalamudPackager": {
        "type": "Direct",
        "requested": "[13.1.0, )",
        "resolved": "13.1.0",
        "contentHash": "XdoNhJGyFby5M/sdcRhnc5xTop9PHy+H50PTWpzLhJugjB19EDBiHD/AsiDF66RETM+0qKUdJBZrNuebn7qswQ=="
      },
      "Meziantou.Analyzer": {
        "type": "Direct",
        "requested": "[3.0.122, )",
        "resolved": "3.0.122",
        "contentHash": "bmo+TIK9fLG/NzlZ2Qi5lto2jG/N6/zmc7gDVp5uzvVmnDKMV5SmUR7jToSbx/oqTPMV3ajyCmo2kFBdPDlU0A=="
      }
    }
  }
}